// !$*UTF8*$!
{
	archiveVersion = 1;
	classes = {
	};
	objectVersion = 48;
	objects = {

/* Begin PBXBuildFile section */
		120631170838919E965E457D /* RepositoryDetailViewController.swift in Sources */ = {isa = PBXBuildFile; fileRef = 6C1E62005E396207F2143A02 /* RepositoryDetailViewController.swift */; };
		173E04C421310F620000C1C5 /* NSFetchRequestResult+extension.swift in Sources */ = {isa = PBXBuildFile; fileRef = 173E04C321310F620000C1C5 /* NSFetchRequestResult+extension.swift */; };
		17F09BCD2121B055007FEA3A /* UIRefreshControl+extension.swift in Sources */ = {isa = PBXBuildFile; fileRef = 17F09BCC2121B055007FEA3A /* UIRefreshControl+extension.swift */; };
		17F09BDE21244E38007FEA3A /* viper-sample.xcdatamodeld in Sources */ = {isa = PBXBuildFile; fileRef = 17F09BDC21244E38007FEA3A /* viper-sample.xcdatamodeld */; };
		599EA2BE57F8B50DADA6D1AB /* RepositoryDetailViewPresenter.swift in Sources */ = {isa = PBXBuildFile; fileRef = 8CC778EDC9E6F1467D3E3439 /* RepositoryDetailViewPresenter.swift */; };
		5E2ECE9865EC53AA33E7C6D2 /* RepositorySearchResultPresenter.swift in Sources */ = {isa = PBXBuildFile; fileRef = 2ED6066EAC717FF95C82AFDE /* RepositorySearchResultPresenter.swift */; };
		92826D0522877E0EC4034E38 /* RepositorySearchResultViewController.swift in Sources */ = {isa = PBXBuildFile; fileRef = A71785CB8F36C79CD7B99122 /* RepositorySearchResultViewController.swift */; };
		9C7CF38721097B8700867F33 /* User.swift in Sources */ = {isa = PBXBuildFile; fileRef = 9C7CF38621097B8700867F33 /* User.swift */; };
		9C7CF38921097BD400867F33 /* Repository.swift in Sources */ = {isa = PBXBuildFile; fileRef = 9C7CF38821097BD400867F33 /* Repository.swift */; };
		9C7CF38B21097C8200867F33 /* SearchResponse.swift in Sources */ = {isa = PBXBuildFile; fileRef = 9C7CF38A21097C8200867F33 /* SearchResponse.swift */; };
		9C7CF38D21097E1000867F33 /* GitHubAPI.swift in Sources */ = {isa = PBXBuildFile; fileRef = 9C7CF38C21097E1000867F33 /* GitHubAPI.swift */; };
		9C7CF38F2109978500867F33 /* GitHubClient.swift in Sources */ = {isa = PBXBuildFile; fileRef = 9C7CF38E2109978500867F33 /* GitHubClient.swift */; };
		9C7CF3912109B32D00867F33 /* AppRouter.swift in Sources */ = {isa = PBXBuildFile; fileRef = 9C7CF3902109B32D00867F33 /* AppRouter.swift */; };
		9C7CF3972109D1EE00867F33 /* RepositoryDetailViewController.xib in Resources */ = {isa = PBXBuildFile; fileRef = 9C7CF3962109D1EE00867F33 /* RepositoryDetailViewController.xib */; };
		9C863E24210ABEE0000D0EE5 /* RepositoryCell.swift in Sources */ = {isa = PBXBuildFile; fileRef = 9C863E22210ABEE0000D0EE5 /* RepositoryCell.swift */; };
		9C863E25210ABEE0000D0EE5 /* RepositoryCell.xib in Resources */ = {isa = PBXBuildFile; fileRef = 9C863E23210ABEE0000D0EE5 /* RepositoryCell.xib */; };
		9C863E28210ACF08000D0EE5 /* UIView+extension.swift in Sources */ = {isa = PBXBuildFile; fileRef = 9C863E27210ACF08000D0EE5 /* UIView+extension.swift */; };
		9C9B082021094ECE000C032F /* AppDelegate.swift in Sources */ = {isa = PBXBuildFile; fileRef = 9C9B081F21094ECE000C032F /* AppDelegate.swift */; };
		9C9B082721094ECF000C032F /* Assets.xcassets in Resources */ = {isa = PBXBuildFile; fileRef = 9C9B082621094ECF000C032F /* Assets.xcassets */; };
		9C9B082A21094ECF000C032F /* LaunchScreen.storyboard in Resources */ = {isa = PBXBuildFile; fileRef = 9C9B082821094ECF000C032F /* LaunchScreen.storyboard */; };
		B856F79C22DEFFB7009BFDA0 /* UITableView+extension.swift in Sources */ = {isa = PBXBuildFile; fileRef = B856F79B22DEFFB7009BFDA0 /* UITableView+extension.swift */; };
		B856F79E22DEFFD4009BFDA0 /* UITableViewCell+extension.swift in Sources */ = {isa = PBXBuildFile; fileRef = B856F79D22DEFFD4009BFDA0 /* UITableViewCell+extension.swift */; };
		B86F6BF622DEF28500FF639E /* WebKit.framework in Frameworks */ = {isa = PBXBuildFile; fileRef = B86F6BF522DEF28500FF639E /* WebKit.framework */; };
		B87A05FA22DFFD1D00A71FDA /* RepositorySearchResultPresenterTests.swift in Sources */ = {isa = PBXBuildFile; fileRef = B87A05F922DFFD1D00A71FDA /* RepositorySearchResultPresenterTests.swift */; };
		B8B4F51722DE9EEA00146E74 /* SearchHistoryInteractor.swift in Sources */ = {isa = PBXBuildFile; fileRef = B8B4F51622DE9EEA00146E74 /* SearchHistoryInteractor.swift */; };
		B8B4F51A22DEA29B00146E74 /* SearchRepositoryInteractor.swift in Sources */ = {isa = PBXBuildFile; fileRef = B8B4F51922DEA29B00146E74 /* SearchRepositoryInteractor.swift */; };
		C74D51C236F6E7695C0193C4 /* RepositorySearchResultRouter.swift in Sources */ = {isa = PBXBuildFile; fileRef = 01A123F240508640C043A05A /* RepositorySearchResultRouter.swift */; };
		F3E607BA52977A061330746A /* RepositoryDetailRouter.swift in Sources */ = {isa = PBXBuildFile; fileRef = FBD161EEEC3FD4DADCB914E8 /* RepositoryDetailRouter.swift */; };
/* End PBXBuildFile section */

/* Begin PBXContainerItemProxy section */
		9CBCCE32210FD50C00C27E95 /* PBXContainerItemProxy */ = {
			isa = PBXContainerItemProxy;
			containerPortal = 9C9B081421094ECD000C032F /* Project object */;
			proxyType = 1;
			remoteGlobalIDString = 9C9B081B21094ECD000C032F;
			remoteInfo = "viper-sample";
		};
/* End PBXContainerItemProxy section */

/* Begin PBXFileReference section */
		01A123F240508640C043A05A /* RepositorySearchResultRouter.swift */ = {isa = PBXFileReference; includeInIndex = 1; lastKnownFileType = sourcecode.swift; path = RepositorySearchResultRouter.swift; sourceTree = "<group>"; };
		173E04C321310F620000C1C5 /* NSFetchRequestResult+extension.swift */ = {isa = PBXFileReference; lastKnownFileType = sourcecode.swift; path = "NSFetchRequestResult+extension.swift"; sourceTree = "<group>"; };
		17F09BCC2121B055007FEA3A /* UIRefreshControl+extension.swift */ = {isa = PBXFileReference; lastKnownFileType = sourcecode.swift; path = "UIRefreshControl+extension.swift"; sourceTree = "<group>"; };
		17F09BDD21244E38007FEA3A /* Model.xcdatamodel */ = {isa = PBXFileReference; lastKnownFileType = wrapper.xcdatamodel; path = Model.xcdatamodel; sourceTree = "<group>"; };
		2ED6066EAC717FF95C82AFDE /* RepositorySearchResultPresenter.swift */ = {isa = PBXFileReference; includeInIndex = 1; lastKnownFileType = sourcecode.swift; path = RepositorySearchResultPresenter.swift; sourceTree = "<group>"; };
		6C1E62005E396207F2143A02 /* RepositoryDetailViewController.swift */ = {isa = PBXFileReference; includeInIndex = 1; lastKnownFileType = sourcecode.swift; path = RepositoryDetailViewController.swift; sourceTree = "<group>"; };
		8CC778EDC9E6F1467D3E3439 /* RepositoryDetailViewPresenter.swift */ = {isa = PBXFileReference; includeInIndex = 1; lastKnownFileType = sourcecode.swift; path = RepositoryDetailViewPresenter.swift; sourceTree = "<group>"; };
		9C7CF38621097B8700867F33 /* User.swift */ = {isa = PBXFileReference; lastKnownFileType = sourcecode.swift; path = User.swift; sourceTree = "<group>"; };
		9C7CF38821097BD400867F33 /* Repository.swift */ = {isa = PBXFileReference; lastKnownFileType = sourcecode.swift; path = Repository.swift; sourceTree = "<group>"; };
		9C7CF38A21097C8200867F33 /* SearchResponse.swift */ = {isa = PBXFileReference; lastKnownFileType = sourcecode.swift; path = SearchResponse.swift; sourceTree = "<group>"; };
		9C7CF38C21097E1000867F33 /* GitHubAPI.swift */ = {isa = PBXFileReference; lastKnownFileType = sourcecode.swift; path = GitHubAPI.swift; sourceTree = "<group>"; };
		9C7CF38E2109978500867F33 /* GitHubClient.swift */ = {isa = PBXFileReference; lastKnownFileType = sourcecode.swift; path = GitHubClient.swift; sourceTree = "<group>"; };
		9C7CF3902109B32D00867F33 /* AppRouter.swift */ = {isa = PBXFileReference; lastKnownFileType = sourcecode.swift; path = AppRouter.swift; sourceTree = "<group>"; };
		9C7CF3962109D1EE00867F33 /* RepositoryDetailViewController.xib */ = {isa = PBXFileReference; lastKnownFileType = file.xib; path = RepositoryDetailViewController.xib; sourceTree = "<group>"; };
		9C863E22210ABEE0000D0EE5 /* RepositoryCell.swift */ = {isa = PBXFileReference; lastKnownFileType = sourcecode.swift; path = RepositoryCell.swift; sourceTree = "<group>"; };
		9C863E23210ABEE0000D0EE5 /* RepositoryCell.xib */ = {isa = PBXFileReference; lastKnownFileType = file.xib; path = RepositoryCell.xib; sourceTree = "<group>"; };
		9C863E27210ACF08000D0EE5 /* UIView+extension.swift */ = {isa = PBXFileReference; lastKnownFileType = sourcecode.swift; path = "UIView+extension.swift"; sourceTree = "<group>"; };
		9C9B081C21094ECD000C032F /* ViperSample.app */ = {isa = PBXFileReference; explicitFileType = wrapper.application; includeInIndex = 0; path = ViperSample.app; sourceTree = BUILT_PRODUCTS_DIR; };
		9C9B081F21094ECE000C032F /* AppDelegate.swift */ = {isa = PBXFileReference; lastKnownFileType = sourcecode.swift; path = AppDelegate.swift; sourceTree = "<group>"; };
		9C9B082621094ECF000C032F /* Assets.xcassets */ = {isa = PBXFileReference; lastKnownFileType = folder.assetcatalog; path = Assets.xcassets; sourceTree = "<group>"; };
		9C9B082921094ECF000C032F /* Base */ = {isa = PBXFileReference; lastKnownFileType = file.storyboard; name = Base; path = Base.lproj/LaunchScreen.storyboard; sourceTree = "<group>"; };
		9C9B082B21094ECF000C032F /* Info.plist */ = {isa = PBXFileReference; lastKnownFileType = text.plist.xml; path = Info.plist; sourceTree = "<group>"; };
		9CBCCE2D210FD50C00C27E95 /* ViperSampleTests.xctest */ = {isa = PBXFileReference; explicitFileType = wrapper.cfbundle; includeInIndex = 0; path = ViperSampleTests.xctest; sourceTree = BUILT_PRODUCTS_DIR; };
		9CBCCE31210FD50C00C27E95 /* Info.plist */ = {isa = PBXFileReference; lastKnownFileType = text.plist.xml; path = Info.plist; sourceTree = "<group>"; };
		A71785CB8F36C79CD7B99122 /* RepositorySearchResultViewController.swift */ = {isa = PBXFileReference; includeInIndex = 1; lastKnownFileType = sourcecode.swift; path = RepositorySearchResultViewController.swift; sourceTree = "<group>"; };
		B856F79B22DEFFB7009BFDA0 /* UITableView+extension.swift */ = {isa = PBXFileReference; lastKnownFileType = sourcecode.swift; path = "UITableView+extension.swift"; sourceTree = "<group>"; };
		B856F79D22DEFFD4009BFDA0 /* UITableViewCell+extension.swift */ = {isa = PBXFileReference; lastKnownFileType = sourcecode.swift; path = "UITableViewCell+extension.swift"; sourceTree = "<group>"; };
		B86F6BF522DEF28500FF639E /* WebKit.framework */ = {isa = PBXFileReference; lastKnownFileType = wrapper.framework; name = WebKit.framework; path = System/Library/Frameworks/WebKit.framework; sourceTree = SDKROOT; };
		B87A05F922DFFD1D00A71FDA /* RepositorySearchResultPresenterTests.swift */ = {isa = PBXFileReference; lastKnownFileType = sourcecode.swift; name = RepositorySearchResultPresenterTests.swift; path = ViperSample/Modules/RepositorySearchResult/Presenter/RepositorySearchResultPresenterTests.swift; sourceTree = SOURCE_ROOT; };
		B8B4F51622DE9EEA00146E74 /* SearchHistoryInteractor.swift */ = {isa = PBXFileReference; lastKnownFileType = sourcecode.swift; path = SearchHistoryInteractor.swift; sourceTree = "<group>"; };
		B8B4F51922DEA29B00146E74 /* SearchRepositoryInteractor.swift */ = {isa = PBXFileReference; lastKnownFileType = sourcecode.swift; path = SearchRepositoryInteractor.swift; sourceTree = "<group>"; };
		FBD161EEEC3FD4DADCB914E8 /* RepositoryDetailRouter.swift */ = {isa = PBXFileReference; includeInIndex = 1; lastKnownFileType = sourcecode.swift; path = RepositoryDetailRouter.swift; sourceTree = "<group>"; };
/* End PBXFileReference section */

/* Begin PBXFrameworksBuildPhase section */
		9C9B081921094ECD000C032F /* Frameworks */ = {
			isa = PBXFrameworksBuildPhase;
			buildActionMask = 2147483647;
			files = (
				B86F6BF622DEF28500FF639E /* WebKit.framework in Frameworks */,
			);
			runOnlyForDeploymentPostprocessing = 0;
		};
		9CBCCE2A210FD50C00C27E95 /* Frameworks */ = {
			isa = PBXFrameworksBuildPhase;
			buildActionMask = 2147483647;
			files = (
			);
			runOnlyForDeploymentPostprocessing = 0;
		};
/* End PBXFrameworksBuildPhase section */

/* Begin PBXGroup section */
		15715F26DC1D6115F4D56399 /* RepositoryDetail */ = {
			isa = PBXGroup;
			children = (
				DCC875A7ACF5B9F40C101F43 /* View */,
				40990DAC7941A16611A51537 /* Presenter */,
				55C15935F56C35625F340B0B /* Router */,
			);
			path = RepositoryDetail;
			sourceTree = "<group>";
		};
		17F09BC9211EA022007FEA3A /* Application */ = {
			isa = PBXGroup;
			children = (
				B8BBC73124EC14E2009461B4 /* Delegate */,
				9C9B082B21094ECF000C032F /* Info.plist */,
				9C9B082821094ECF000C032F /* LaunchScreen.storyboard */,
				17F09BDC21244E38007FEA3A /* viper-sample.xcdatamodeld */,
			);
			path = Application;
			sourceTree = "<group>";
		};
		17F09BCA211EA06E007FEA3A /* Resources */ = {
			isa = PBXGroup;
			children = (
				9C9B082621094ECF000C032F /* Assets.xcassets */,
			);
			path = Resources;
			sourceTree = "<group>";
		};
		2E9607551792C57BD2D08C1E /* RepositorySearchResult */ = {
			isa = PBXGroup;
			children = (
				EB00349541A3ADA3E2E20513 /* View */,
				DCDC41E611B30C86BD4C74FD /* Presenter */,
				E1759DB98AFE9C5CD8A7F061 /* Router */,
			);
			path = RepositorySearchResult;
			sourceTree = "<group>";
		};
		40990DAC7941A16611A51537 /* Presenter */ = {
			isa = PBXGroup;
			children = (
				8CC778EDC9E6F1467D3E3439 /* RepositoryDetailViewPresenter.swift */,
			);
			path = Presenter;
			sourceTree = "<group>";
		};
		55C15935F56C35625F340B0B /* Router */ = {
			isa = PBXGroup;
			children = (
				FBD161EEEC3FD4DADCB914E8 /* RepositoryDetailRouter.swift */,
			);
			path = Router;
			sourceTree = "<group>";
		};
		9C7CF38221095B4E00867F33 /* Modules */ = {
			isa = PBXGroup;
			children = (
				2E9607551792C57BD2D08C1E /* RepositorySearchResult */,
				15715F26DC1D6115F4D56399 /* RepositoryDetail */,
			);
			path = Modules;
			sourceTree = "<group>";
		};
		9C7CF38321097B2900867F33 /* GitHubClient */ = {
			isa = PBXGroup;
			children = (
				9C7CF38C21097E1000867F33 /* GitHubAPI.swift */,
				9C7CF38E2109978500867F33 /* GitHubClient.swift */,
				9C7CF38421097B5E00867F33 /* Enitities */,
			);
			path = GitHubClient;
			sourceTree = "<group>";
		};
		9C7CF38421097B5E00867F33 /* Enitities */ = {
			isa = PBXGroup;
			children = (
				9C7CF38621097B8700867F33 /* User.swift */,
				9C7CF38821097BD400867F33 /* Repository.swift */,
				9C7CF38A21097C8200867F33 /* SearchResponse.swift */,
			);
			path = Enitities;
			sourceTree = "<group>";
		};
		9C863E21210ABEAD000D0EE5 /* SubView */ = {
			isa = PBXGroup;
			children = (
				9C863E22210ABEE0000D0EE5 /* RepositoryCell.swift */,
				9C863E23210ABEE0000D0EE5 /* RepositoryCell.xib */,
			);
			path = SubView;
			sourceTree = "<group>";
		};
		9C863E26210ACEDF000D0EE5 /* Extensions */ = {
			isa = PBXGroup;
			children = (
				9C863E27210ACF08000D0EE5 /* UIView+extension.swift */,
				17F09BCC2121B055007FEA3A /* UIRefreshControl+extension.swift */,
				173E04C321310F620000C1C5 /* NSFetchRequestResult+extension.swift */,
				B856F79B22DEFFB7009BFDA0 /* UITableView+extension.swift */,
				B856F79D22DEFFD4009BFDA0 /* UITableViewCell+extension.swift */,
			);
			path = Extensions;
			sourceTree = "<group>";
		};
		9C9B081321094ECD000C032F = {
			isa = PBXGroup;
			children = (
				9C9B081E21094ECD000C032F /* ViperSample */,
				9CBCCE2E210FD50C00C27E95 /* ViperSampleTests */,
				9C9B081D21094ECD000C032F /* Products */,
				B86F6BF422DEF28500FF639E /* Frameworks */,
			);
			sourceTree = "<group>";
		};
		9C9B081D21094ECD000C032F /* Products */ = {
			isa = PBXGroup;
			children = (
				9C9B081C21094ECD000C032F /* ViperSample.app */,
				9CBCCE2D210FD50C00C27E95 /* ViperSampleTests.xctest */,
			);
			name = Products;
			sourceTree = "<group>";
		};
		9C9B081E21094ECD000C032F /* ViperSample */ = {
			isa = PBXGroup;
			children = (
				17F09BC9211EA022007FEA3A /* Application */,
				9C7CF38221095B4E00867F33 /* Modules */,
				B8B4F51222DE9DE600146E74 /* Domain */,
				B89BA68D24EC11DC00E6441E /* Infra */,
				9C863E26210ACEDF000D0EE5 /* Extensions */,
				17F09BCA211EA06E007FEA3A /* Resources */,
			);
			path = ViperSample;
			sourceTree = "<group>";
		};
		9CBCCE2E210FD50C00C27E95 /* ViperSampleTests */ = {
			isa = PBXGroup;
			children = (
				9CBCCE31210FD50C00C27E95 /* Info.plist */,
			);
			path = ViperSampleTests;
			sourceTree = "<group>";
		};
		B86F6BF422DEF28500FF639E /* Frameworks */ = {
			isa = PBXGroup;
			children = (
				B86F6BF522DEF28500FF639E /* WebKit.framework */,
			);
			name = Frameworks;
			sourceTree = "<group>";
		};
		B89BA68D24EC11DC00E6441E /* Infra */ = {
			isa = PBXGroup;
			children = (
				9C7CF38321097B2900867F33 /* GitHubClient */,
			);
			path = Infra;
			sourceTree = "<group>";
		};
		B8B4F51222DE9DE600146E74 /* Domain */ = {
			isa = PBXGroup;
			children = (
				B8B4F51322DE9DF800146E74 /* Usecases */,
			);
			path = Domain;
			sourceTree = "<group>";
		};
		B8B4F51322DE9DF800146E74 /* Usecases */ = {
			isa = PBXGroup;
			children = (
				B8B4F51822DEA27B00146E74 /* SearchRepository */,
				B8B4F51522DE9E9D00146E74 /* SearchHistory */,
			);
			path = Usecases;
			sourceTree = "<group>";
		};
		B8B4F51522DE9E9D00146E74 /* SearchHistory */ = {
			isa = PBXGroup;
			children = (
				B8B4F51622DE9EEA00146E74 /* SearchHistoryInteractor.swift */,
			);
			path = SearchHistory;
			sourceTree = "<group>";
		};
		B8B4F51822DEA27B00146E74 /* SearchRepository */ = {
			isa = PBXGroup;
			children = (
				B8B4F51922DEA29B00146E74 /* SearchRepositoryInteractor.swift */,
			);
			path = SearchRepository;
			sourceTree = "<group>";
		};
		B8BBC73124EC14E2009461B4 /* Delegate */ = {
			isa = PBXGroup;
			children = (
				9C9B081F21094ECE000C032F /* AppDelegate.swift */,
				B8BBC73224EC14F1009461B4 /* Router */,
			);
			path = Delegate;
			sourceTree = "<group>";
		};
		B8BBC73224EC14F1009461B4 /* Router */ = {
			isa = PBXGroup;
			children = (
				9C7CF3902109B32D00867F33 /* AppRouter.swift */,
			);
			path = Router;
			sourceTree = "<group>";
		};
		DCC875A7ACF5B9F40C101F43 /* View */ = {
			isa = PBXGroup;
			children = (
				6C1E62005E396207F2143A02 /* RepositoryDetailViewController.swift */,
				9C7CF3962109D1EE00867F33 /* RepositoryDetailViewController.xib */,
			);
			path = View;
			sourceTree = "<group>";
		};
		DCDC41E611B30C86BD4C74FD /* Presenter */ = {
			isa = PBXGroup;
			children = (
				2ED6066EAC717FF95C82AFDE /* RepositorySearchResultPresenter.swift */,
				B87A05F922DFFD1D00A71FDA /* RepositorySearchResultPresenterTests.swift */,
			);
			path = Presenter;
			sourceTree = "<group>";
		};
		E1759DB98AFE9C5CD8A7F061 /* Router */ = {
			isa = PBXGroup;
			children = (
				01A123F240508640C043A05A /* RepositorySearchResultRouter.swift */,
			);
			path = Router;
			sourceTree = "<group>";
		};
		EB00349541A3ADA3E2E20513 /* View */ = {
			isa = PBXGroup;
			children = (
				A71785CB8F36C79CD7B99122 /* RepositorySearchResultViewController.swift */,
				9C863E21210ABEAD000D0EE5 /* SubView */,
			);
			path = View;
			sourceTree = "<group>";
		};
/* End PBXGroup section */

/* Begin PBXNativeTarget section */
		9C9B081B21094ECD000C032F /* ViperSample */ = {
			isa = PBXNativeTarget;
			buildConfigurationList = 9C9B082E21094ECF000C032F /* Build configuration list for PBXNativeTarget "ViperSample" */;
			buildPhases = (
				9C9B081821094ECD000C032F /* Sources */,
				9C9B081921094ECD000C032F /* Frameworks */,
				9C9B081A21094ECD000C032F /* Resources */,
			);
			buildRules = (
			);
			dependencies = (
			);
			name = ViperSample;
			productName = "viper-sample";
			productReference = 9C9B081C21094ECD000C032F /* ViperSample.app */;
			productType = "com.apple.product-type.application";
		};
		9CBCCE2C210FD50C00C27E95 /* ViperSampleTests */ = {
			isa = PBXNativeTarget;
			buildConfigurationList = 9CBCCE36210FD50C00C27E95 /* Build configuration list for PBXNativeTarget "ViperSampleTests" */;
			buildPhases = (
				9CBCCE29210FD50C00C27E95 /* Sources */,
				9CBCCE2A210FD50C00C27E95 /* Frameworks */,
				9CBCCE2B210FD50C00C27E95 /* Resources */,
			);
			buildRules = (
			);
			dependencies = (
				9CBCCE33210FD50C00C27E95 /* PBXTargetDependency */,
			);
			name = ViperSampleTests;
			productName = "viper-sampleTests";
			productReference = 9CBCCE2D210FD50C00C27E95 /* ViperSampleTests.xctest */;
			productType = "com.apple.product-type.bundle.unit-test";
		};
/* End PBXNativeTarget section */

/* Begin PBXProject section */
		9C9B081421094ECD000C032F /* Project object */ = {
			isa = PBXProject;
			attributes = {
				LastSwiftUpdateCheck = 0940;
				LastUpgradeCheck = 0940;
				ORGANIZATIONNAME = hicka04;
				TargetAttributes = {
					9C9B081B21094ECD000C032F = {
						CreatedOnToolsVersion = 9.4.1;
						ProvisioningStyle = Automatic;
					};
					9CBCCE2C210FD50C00C27E95 = {
						CreatedOnToolsVersion = 9.4.1;
						LastSwiftMigration = 0940;
						ProvisioningStyle = Automatic;
						TestTargetID = 9C9B081B21094ECD000C032F;
					};
				};
			};
			buildConfigurationList = 9C9B081721094ECD000C032F /* Build configuration list for PBXProject "ViperSample" */;
			compatibilityVersion = "Xcode 8.0";
			developmentRegion = en;
			hasScannedForEncodings = 0;
			knownRegions = (
				en,
				Base,
			);
			mainGroup = 9C9B081321094ECD000C032F;
			productRefGroup = 9C9B081D21094ECD000C032F /* Products */;
			projectDirPath = "";
			projectRoot = "";
			targets = (
				9C9B081B21094ECD000C032F /* ViperSample */,
				9CBCCE2C210FD50C00C27E95 /* ViperSampleTests */,
			);
		};
/* End PBXProject section */

/* Begin PBXResourcesBuildPhase section */
		9C9B081A21094ECD000C032F /* Resources */ = {
			isa = PBXResourcesBuildPhase;
			buildActionMask = 2147483647;
			files = (
				9C7CF3972109D1EE00867F33 /* RepositoryDetailViewController.xib in Resources */,
				9C9B082A21094ECF000C032F /* LaunchScreen.storyboard in Resources */,
				9C863E25210ABEE0000D0EE5 /* RepositoryCell.xib in Resources */,
				9C9B082721094ECF000C032F /* Assets.xcassets in Resources */,
			);
			runOnlyForDeploymentPostprocessing = 0;
		};
		9CBCCE2B210FD50C00C27E95 /* Resources */ = {
			isa = PBXResourcesBuildPhase;
			buildActionMask = 2147483647;
			files = (
			);
			runOnlyForDeploymentPostprocessing = 0;
		};
/* End PBXResourcesBuildPhase section */

/* Begin PBXSourcesBuildPhase section */
		9C9B081821094ECD000C032F /* Sources */ = {
			isa = PBXSourcesBuildPhase;
			buildActionMask = 2147483647;
			files = (
				9C7CF38D21097E1000867F33 /* GitHubAPI.swift in Sources */,
				9C7CF38B21097C8200867F33 /* SearchResponse.swift in Sources */,
				9C7CF3912109B32D00867F33 /* AppRouter.swift in Sources */,
				B856F79E22DEFFD4009BFDA0 /* UITableViewCell+extension.swift in Sources */,
				9C7CF38F2109978500867F33 /* GitHubClient.swift in Sources */,
				9C9B082021094ECE000C032F /* AppDelegate.swift in Sources */,
				9C7CF38721097B8700867F33 /* User.swift in Sources */,
				9C7CF38921097BD400867F33 /* Repository.swift in Sources */,
				92826D0522877E0EC4034E38 /* RepositorySearchResultViewController.swift in Sources */,
				B8B4F51A22DEA29B00146E74 /* SearchRepositoryInteractor.swift in Sources */,
				5E2ECE9865EC53AA33E7C6D2 /* RepositorySearchResultPresenter.swift in Sources */,
				173E04C421310F620000C1C5 /* NSFetchRequestResult+extension.swift in Sources */,
				9C863E28210ACF08000D0EE5 /* UIView+extension.swift in Sources */,
				B856F79C22DEFFB7009BFDA0 /* UITableView+extension.swift in Sources */,
				C74D51C236F6E7695C0193C4 /* RepositorySearchResultRouter.swift in Sources */,
				120631170838919E965E457D /* RepositoryDetailViewController.swift in Sources */,
				599EA2BE57F8B50DADA6D1AB /* RepositoryDetailViewPresenter.swift in Sources */,
				B8B4F51722DE9EEA00146E74 /* SearchHistoryInteractor.swift in Sources */,
				F3E607BA52977A061330746A /* RepositoryDetailRouter.swift in Sources */,
				17F09BDE21244E38007FEA3A /* viper-sample.xcdatamodeld in Sources */,
				9C863E24210ABEE0000D0EE5 /* RepositoryCell.swift in Sources */,
				17F09BCD2121B055007FEA3A /* UIRefreshControl+extension.swift in Sources */,
			);
			runOnlyForDeploymentPostprocessing = 0;
		};
		9CBCCE29210FD50C00C27E95 /* Sources */ = {
			isa = PBXSourcesBuildPhase;
			buildActionMask = 2147483647;
			files = (
				B87A05FA22DFFD1D00A71FDA /* RepositorySearchResultPresenterTests.swift in Sources */,
			);
			runOnlyForDeploymentPostprocessing = 0;
		};
/* End PBXSourcesBuildPhase section */

/* Begin PBXTargetDependency section */
		9CBCCE33210FD50C00C27E95 /* PBXTargetDependency */ = {
			isa = PBXTargetDependency;
			target = 9C9B081B21094ECD000C032F /* ViperSample */;
			targetProxy = 9CBCCE32210FD50C00C27E95 /* PBXContainerItemProxy */;
		};
/* End PBXTargetDependency section */

/* Begin PBXVariantGroup section */
		9C9B082821094ECF000C032F /* LaunchScreen.storyboard */ = {
			isa = PBXVariantGroup;
			children = (
				9C9B082921094ECF000C032F /* Base */,
			);
			name = LaunchScreen.storyboard;
			sourceTree = "<group>";
		};
/* End PBXVariantGroup section */

/* Begin XCBuildConfiguration section */
		9C9B082C21094ECF000C032F /* Debug */ = {
			isa = XCBuildConfiguration;
			buildSettings = {
				ALWAYS_SEARCH_USER_PATHS = NO;
				CLANG_ANALYZER_NONNULL = YES;
				CLANG_ANALYZER_NUMBER_OBJECT_CONVERSION = YES_AGGRESSIVE;
				CLANG_CXX_LANGUAGE_STANDARD = "gnu++14";
				CLANG_CXX_LIBRARY = "libc++";
				CLANG_ENABLE_MODULES = YES;
				CLANG_ENABLE_OBJC_ARC = YES;
				CLANG_ENABLE_OBJC_WEAK = YES;
				CLANG_WARN_BLOCK_CAPTURE_AUTORELEASING = YES;
				CLANG_WARN_BOOL_CONVERSION = YES;
				CLANG_WARN_COMMA = YES;
				CLANG_WARN_CONSTANT_CONVERSION = YES;
				CLANG_WARN_DEPRECATED_OBJC_IMPLEMENTATIONS = YES;
				CLANG_WARN_DIRECT_OBJC_ISA_USAGE = YES_ERROR;
				CLANG_WARN_DOCUMENTATION_COMMENTS = YES;
				CLANG_WARN_EMPTY_BODY = YES;
				CLANG_WARN_ENUM_CONVERSION = YES;
				CLANG_WARN_INFINITE_RECURSION = YES;
				CLANG_WARN_INT_CONVERSION = YES;
				CLANG_WARN_NON_LITERAL_NULL_CONVERSION = YES;
				CLANG_WARN_OBJC_IMPLICIT_RETAIN_SELF = YES;
				CLANG_WARN_OBJC_LITERAL_CONVERSION = YES;
				CLANG_WARN_OBJC_ROOT_CLASS = YES_ERROR;
				CLANG_WARN_RANGE_LOOP_ANALYSIS = YES;
				CLANG_WARN_STRICT_PROTOTYPES = YES;
				CLANG_WARN_SUSPICIOUS_MOVE = YES;
				CLANG_WARN_UNGUARDED_AVAILABILITY = YES_AGGRESSIVE;
				CLANG_WARN_UNREACHABLE_CODE = YES;
				CLANG_WARN__DUPLICATE_METHOD_MATCH = YES;
				CODE_SIGN_IDENTITY = "iPhone Developer";
				COPY_PHASE_STRIP = NO;
				DEBUG_INFORMATION_FORMAT = dwarf;
				ENABLE_STRICT_OBJC_MSGSEND = YES;
				ENABLE_TESTABILITY = YES;
				GCC_C_LANGUAGE_STANDARD = gnu11;
				GCC_DYNAMIC_NO_PIC = NO;
				GCC_NO_COMMON_BLOCKS = YES;
				GCC_OPTIMIZATION_LEVEL = 0;
				GCC_PREPROCESSOR_DEFINITIONS = (
					"DEBUG=1",
					"$(inherited)",
				);
				GCC_WARN_64_TO_32_BIT_CONVERSION = YES;
				GCC_WARN_ABOUT_RETURN_TYPE = YES_ERROR;
				GCC_WARN_UNDECLARED_SELECTOR = YES;
				GCC_WARN_UNINITIALIZED_AUTOS = YES_AGGRESSIVE;
				GCC_WARN_UNUSED_FUNCTION = YES;
				GCC_WARN_UNUSED_VARIABLE = YES;
				IPHONEOS_DEPLOYMENT_TARGET = 11.4;
				MTL_ENABLE_DEBUG_INFO = YES;
				ONLY_ACTIVE_ARCH = YES;
				SDKROOT = iphoneos;
				SWIFT_ACTIVE_COMPILATION_CONDITIONS = DEBUG;
				SWIFT_OPTIMIZATION_LEVEL = "-Onone";
			};
			name = Debug;
		};
		9C9B082D21094ECF000C032F /* Release */ = {
			isa = XCBuildConfiguration;
			buildSettings = {
				ALWAYS_SEARCH_USER_PATHS = NO;
				CLANG_ANALYZER_NONNULL = YES;
				CLANG_ANALYZER_NUMBER_OBJECT_CONVERSION = YES_AGGRESSIVE;
				CLANG_CXX_LANGUAGE_STANDARD = "gnu++14";
				CLANG_CXX_LIBRARY = "libc++";
				CLANG_ENABLE_MODULES = YES;
				CLANG_ENABLE_OBJC_ARC = YES;
				CLANG_ENABLE_OBJC_WEAK = YES;
				CLANG_WARN_BLOCK_CAPTURE_AUTORELEASING = YES;
				CLANG_WARN_BOOL_CONVERSION = YES;
				CLANG_WARN_COMMA = YES;
				CLANG_WARN_CONSTANT_CONVERSION = YES;
				CLANG_WARN_DEPRECATED_OBJC_IMPLEMENTATIONS = YES;
				CLANG_WARN_DIRECT_OBJC_ISA_USAGE = YES_ERROR;
				CLANG_WARN_DOCUMENTATION_COMMENTS = YES;
				CLANG_WARN_EMPTY_BODY = YES;
				CLANG_WARN_ENUM_CONVERSION = YES;
				CLANG_WARN_INFINITE_RECURSION = YES;
				CLANG_WARN_INT_CONVERSION = YES;
				CLANG_WARN_NON_LITERAL_NULL_CONVERSION = YES;
				CLANG_WARN_OBJC_IMPLICIT_RETAIN_SELF = YES;
				CLANG_WARN_OBJC_LITERAL_CONVERSION = YES;
				CLANG_WARN_OBJC_ROOT_CLASS = YES_ERROR;
				CLANG_WARN_RANGE_LOOP_ANALYSIS = YES;
				CLANG_WARN_STRICT_PROTOTYPES = YES;
				CLANG_WARN_SUSPICIOUS_MOVE = YES;
				CLANG_WARN_UNGUARDED_AVAILABILITY = YES_AGGRESSIVE;
				CLANG_WARN_UNREACHABLE_CODE = YES;
				CLANG_WARN__DUPLICATE_METHOD_MATCH = YES;
				CODE_SIGN_IDENTITY = "iPhone Developer";
				COPY_PHASE_STRIP = NO;
				DEBUG_INFORMATION_FORMAT = "dwarf-with-dsym";
				ENABLE_NS_ASSERTIONS = NO;
				ENABLE_STRICT_OBJC_MSGSEND = YES;
				GCC_C_LANGUAGE_STANDARD = gnu11;
				GCC_NO_COMMON_BLOCKS = YES;
				GCC_WARN_64_TO_32_BIT_CONVERSION = YES;
				GCC_WARN_ABOUT_RETURN_TYPE = YES_ERROR;
				GCC_WARN_UNDECLARED_SELECTOR = YES;
				GCC_WARN_UNINITIALIZED_AUTOS = YES_AGGRESSIVE;
				GCC_WARN_UNUSED_FUNCTION = YES;
				GCC_WARN_UNUSED_VARIABLE = YES;
				IPHONEOS_DEPLOYMENT_TARGET = 11.4;
				MTL_ENABLE_DEBUG_INFO = NO;
				SDKROOT = iphoneos;
				SWIFT_OPTIMIZATION_LEVEL = "-Owholemodule";
				VALIDATE_PRODUCT = YES;
			};
			name = Release;
		};
		9C9B082F21094ECF000C032F /* Debug */ = {
			isa = XCBuildConfiguration;
			buildSettings = {
				ASSETCATALOG_COMPILER_APPICON_NAME = AppIcon;
				CODE_SIGN_STYLE = Automatic;
				DEVELOPMENT_TEAM = 8RYHZQ93KG;
				INFOPLIST_FILE = ViperSample/Application/Info.plist;
				LD_RUNPATH_SEARCH_PATHS = "$(inherited) @executable_path/Frameworks";
				PRODUCT_BUNDLE_IDENTIFIER = "com.hicka04.viper-sample";
				PRODUCT_NAME = "$(TARGET_NAME)";
				SWIFT_VERSION = 4.0;
				TARGETED_DEVICE_FAMILY = "1,2";
			};
			name = Debug;
		};
		9C9B083021094ECF000C032F /* Release */ = {
			isa = XCBuildConfiguration;
			buildSettings = {
				ASSETCATALOG_COMPILER_APPICON_NAME = AppIcon;
				CODE_SIGN_STYLE = Automatic;
				DEVELOPMENT_TEAM = 8RYHZQ93KG;
				INFOPLIST_FILE = ViperSample/Application/Info.plist;
				LD_RUNPATH_SEARCH_PATHS = "$(inherited) @executable_path/Frameworks";
				PRODUCT_BUNDLE_IDENTIFIER = "com.hicka04.viper-sample";
				PRODUCT_NAME = "$(TARGET_NAME)";
				SWIFT_VERSION = 4.0;
				TARGETED_DEVICE_FAMILY = "1,2";
			};
			name = Release;
		};
		9CBCCE34210FD50C00C27E95 /* Debug */ = {
			isa = XCBuildConfiguration;
			buildSettings = {
				BUNDLE_LOADER = "$(TEST_HOST)";
				CLANG_ENABLE_MODULES = YES;
				CODE_SIGN_STYLE = Automatic;
				DEVELOPMENT_TEAM = R5FG3RJPRN;
				INFOPLIST_FILE = ViperSampleTests/Info.plist;
				LD_RUNPATH_SEARCH_PATHS = "$(inherited) @executable_path/Frameworks @loader_path/Frameworks";
				PRODUCT_BUNDLE_IDENTIFIER = "com.hicka04.viper-sampleTests";
				PRODUCT_NAME = "$(TARGET_NAME)";
				SWIFT_OBJC_BRIDGING_HEADER = "";
				SWIFT_OPTIMIZATION_LEVEL = "-Onone";
				SWIFT_VERSION = 4.0;
				TARGETED_DEVICE_FAMILY = "1,2";
				TEST_HOST = "$(BUILT_PRODUCTS_DIR)/ViperSample.app/ViperSample";
			};
			name = Debug;
		};
		9CBCCE35210FD50C00C27E95 /* Release */ = {
			isa = XCBuildConfiguration;
			buildSettings = {
				BUNDLE_LOADER = "$(TEST_HOST)";
				CLANG_ENABLE_MODULES = YES;
				CODE_SIGN_STYLE = Automatic;
				DEVELOPMENT_TEAM = R5FG3RJPRN;
				INFOPLIST_FILE = ViperSampleTests/Info.plist;
				LD_RUNPATH_SEARCH_PATHS = "$(inherited) @executable_path/Frameworks @loader_path/Frameworks";
				PRODUCT_BUNDLE_IDENTIFIER = "com.hicka04.viper-sampleTests";
				PRODUCT_NAME = "$(TARGET_NAME)";
				SWIFT_OBJC_BRIDGING_HEADER = "";
				SWIFT_VERSION = 4.0;
				TARGETED_DEVICE_FAMILY = "1,2";
				TEST_HOST = "$(BUILT_PRODUCTS_DIR)/ViperSample.app/ViperSample";
			};
			name = Release;
		};
/* End XCBuildConfiguration section */

/* Begin XCConfigurationList section */
		9C9B081721094ECD000C032F /* Build configuration list for PBXProject "ViperSample" */ = {
			isa = XCConfigurationList;
			buildConfigurations = (
				9C9B082C21094ECF000C032F /* Debug */,
				9C9B082D21094ECF000C032F /* Release */,
			);
			defaultConfigurationIsVisible = 0;
			defaultConfigurationName = Release;
		};
		9C9B082E21094ECF000C032F /* Build configuration list for PBXNativeTarget "ViperSample" */ = {
			isa = XCConfigurationList;
			buildConfigurations = (
				9C9B082F21094ECF000C032F /* Debug */,
				9C9B083021094ECF000C032F /* Release */,
			);
			defaultConfigurationIsVisible = 0;
			defaultConfigurationName = Release;
		};
		9CBCCE36210FD50C00C27E95 /* Build configuration list for PBXNativeTarget "ViperSampleTests" */ = {
			isa = XCConfigurationList;
			buildConfigurations = (
				9CBCCE34210FD50C00C27E95 /* Debug */,
				9CBCCE35210FD50C00C27E95 /* Release */,
			);
			defaultConfigurationIsVisible = 0;
			defaultConfigurationName = Release;
		};
/* End XCConfigurationList section */

/* Begin XCVersionGroup section */
		17F09BDC21244E38007FEA3A /* viper-sample.xcdatamodeld */ = {
			isa = XCVersionGroup;
			children = (
				17F09BDD21244E38007FEA3A /* Model.xcdatamodel */,
			);
			currentVersion = 17F09BDD21244E38007FEA3A /* Model.xcdatamodel */;
			path = "viper-sample.xcdatamodeld";
			sourceTree = "<group>";
			versionGroupType = wrapper.xcdatamodel;
		};
/* End XCVersionGroup section */
	};
	rootObject = 9C9B081421094ECD000C032F /* Project object */;
}
